
Microsoft Visual Studio Solution File, Format Version 12.00
# Visual Studio 14
VisualStudioVersion = 14.0.25123.0
MinimumVisualStudioVersion = 10.0.40219.1
Project("{00C04390-04C2-4748-9320-8FA6DB13C635}") = "Sitecore.Support.214060", "Sitecore.Support.214060\Sitecore.Support.214060.csproj", "{19E54911-F3A8-45EB-8FF1-5CF196BFECD2}"
EndProject
Global
	GlobalSection(SolutionConfigurationPlatforms) = preSolution
		Debug|Any CPU = Debug|Any CPU
		Release|Any CPU = Release|Any CPU
	EndGlobalSection
	GlobalSection(ProjectConfigurationPlatforms) = postSolution
		{19E54911-F3A8-45EB-8FF1-5CF196BFECD2}.Debug|Any CPU.ActiveCfg = Debug|Any CPU
		{19E54911-F3A8-45EB-8FF1-5CF196BFECD2}.Debug|Any CPU.Build.0 = Debug|Any CPU
		{19E54911-F3A8-45EB-8FF1-5CF196BFECD2}.Release|Any CPU.ActiveCfg = Release|Any CPU
		{19E54911-F3A8-45EB-8FF1-5CF196BFECD2}.Release|Any CPU.Build.0 = Release|Any CPU
	EndGlobalSection
	GlobalSection(SolutionProperties) = preSolution
		HideSolutionNode = FALSE
	EndGlobalSection
EndGlobal
